
Microsoft Visual Studio Solution File, Format Version 12.00
# Visual Studio Version 17
VisualStudioVersion = 17.9.34728.123
MinimumVisualStudioVersion = 10.0.40219.1
Project("{FAE04EC0-301F-11D3-BF4B-00C04F79EFBC}") = "Proyect_1", "Proyect_1\Proyect_1.csproj", "{49318280-BE65-4C3C-85B0-E94ED9376502}"
EndProject
Global
	GlobalSection(SolutionConfigurationPlatforms) = preSolution
		Debug|Any CPU = Debug|Any CPU
		Release|Any CPU = Release|Any CPU
	EndGlobalSection
	GlobalSection(ProjectConfigurationPlatforms) = postSolution
		{49318280-BE65-4C3C-85B0-E94ED9376502}.Debug|Any CPU.ActiveCfg = Debug|Any CPU
		{49318280-BE65-4C3C-85B0-E94ED9376502}.Debug|Any CPU.Build.0 = Debug|Any CPU
		{49318280-BE65-4C3C-85B0-E94ED9376502}.Release|Any CPU.ActiveCfg = Release|Any CPU
		{49318280-BE65-4C3C-85B0-E94ED9376502}.Release|Any CPU.Build.0 = Release|Any CPU
	EndGlobalSection
	GlobalSection(SolutionProperties) = preSolution
		HideSolutionNode = FALSE
	EndGlobalSection
	GlobalSection(ExtensibilityGlobals) = postSolution
		SolutionGuid = {BDE014E2-013D-45BD-956C-ACD5190BE4DF}
	EndGlobalSection
EndGlobal
